// !$*UTF8*$!
{
	archiveVersion = 1;
	classes = {
	};
	objectVersion = 52;
	objects = {

/* Begin PBXBuildFile section */
		FC5DE4012646B3F800C4F151 /* AppDelegate.swift in Sources */ = {isa = PBXBuildFile; fileRef = FC5DE4002646B3F800C4F151 /* AppDelegate.swift */; };
		FC5DE4032646B3F800C4F151 /* ContentView.swift in Sources */ = {isa = PBXBuildFile; fileRef = FC5DE4022646B3F800C4F151 /* ContentView.swift */; };
		FC5DE4052646B3FA00C4F151 /* Assets.xcassets in Resources */ = {isa = PBXBuildFile; fileRef = FC5DE4042646B3FA00C4F151 /* Assets.xcassets */; };
		FC5DE4082646B3FA00C4F151 /* Preview Assets.xcassets in Resources */ = {isa = PBXBuildFile; fileRef = FC5DE4072646B3FA00C4F151 /* Preview Assets.xcassets */; };
		FC5DE40B2646B3FA00C4F151 /* Main.storyboard in Resources */ = {isa = PBXBuildFile; fileRef = FC5DE4092646B3FA00C4F151 /* Main.storyboard */; };
		FC5DE4172646B45000C4F151 /* Foundation+Extensions.swift in Sources */ = {isa = PBXBuildFile; fileRef = FC5DE4162646B45000C4F151 /* Foundation+Extensions.swift */; };
		FC5DE41C2646B89500C4F151 /* SocketIO in Frameworks */ = {isa = PBXBuildFile; productRef = FC5DE41B2646B89500C4F151 /* SocketIO */; };
		FC5DE4262646BD0400C4F151 /* SocketService.swift in Sources */ = {isa = PBXBuildFile; fileRef = FC5DE4252646BD0400C4F151 /* SocketService.swift */; };
		FC5DE42A2646BD2200C4F151 /* Constants.swift in Sources */ = {isa = PBXBuildFile; fileRef = FC5DE4292646BD2200C4F151 /* Constants.swift */; };
		FC5DE4362646BEF000C4F151 /* Stock.swift in Sources */ = {isa = PBXBuildFile; fileRef = FC5DE4352646BEF000C4F151 /* Stock.swift */; };
		FC5DE4392646BF2500C4F151 /* LogoView.swift in Sources */ = {isa = PBXBuildFile; fileRef = FC5DE4382646BF2500C4F151 /* LogoView.swift */; };
		FC5DE43C2646BF5F00C4F151 /* OnboardView.swift in Sources */ = {isa = PBXBuildFile; fileRef = FC5DE43B2646BF5F00C4F151 /* OnboardView.swift */; };
		FC5DE4402646BF9C00C4F151 /* OnboardViewModel.swift in Sources */ = {isa = PBXBuildFile; fileRef = FC5DE43F2646BF9C00C4F151 /* OnboardViewModel.swift */; };
/* End PBXBuildFile section */

/* Begin PBXFileReference section */
		FC5DE3FD2646B3F800C4F151 /* Hoseno.app */ = {isa = PBXFileReference; explicitFileType = wrapper.application; includeInIndex = 0; path = Hoseno.app; sourceTree = BUILT_PRODUCTS_DIR; };
		FC5DE4002646B3F800C4F151 /* AppDelegate.swift */ = {isa = PBXFileReference; lastKnownFileType = sourcecode.swift; path = AppDelegate.swift; sourceTree = "<group>"; };
		FC5DE4022646B3F800C4F151 /* ContentView.swift */ = {isa = PBXFileReference; lastKnownFileType = sourcecode.swift; path = ContentView.swift; sourceTree = "<group>"; };
		FC5DE4042646B3FA00C4F151 /* Assets.xcassets */ = {isa = PBXFileReference; lastKnownFileType = folder.assetcatalog; path = Assets.xcassets; sourceTree = "<group>"; };
		FC5DE4072646B3FA00C4F151 /* Preview Assets.xcassets */ = {isa = PBXFileReference; lastKnownFileType = folder.assetcatalog; path = "Preview Assets.xcassets"; sourceTree = "<group>"; };
		FC5DE40A2646B3FA00C4F151 /* Base */ = {isa = PBXFileReference; lastKnownFileType = file.storyboard; name = Base; path = Base.lproj/Main.storyboard; sourceTree = "<group>"; };
		FC5DE40C2646B3FA00C4F151 /* Info.plist */ = {isa = PBXFileReference; lastKnownFileType = text.plist.xml; path = Info.plist; sourceTree = "<group>"; };
		FC5DE40D2646B3FA00C4F151 /* Hoseno.entitlements */ = {isa = PBXFileReference; lastKnownFileType = text.plist.entitlements; path = Hoseno.entitlements; sourceTree = "<group>"; };
		FC5DE4162646B45000C4F151 /* Foundation+Extensions.swift */ = {isa = PBXFileReference; lastKnownFileType = sourcecode.swift; path = "Foundation+Extensions.swift"; sourceTree = "<group>"; };
		FC5DE4252646BD0400C4F151 /* SocketService.swift */ = {isa = PBXFileReference; lastKnownFileType = sourcecode.swift; path = SocketService.swift; sourceTree = "<group>"; };
		FC5DE4292646BD2200C4F151 /* Constants.swift */ = {isa = PBXFileReference; lastKnownFileType = sourcecode.swift; path = Constants.swift; sourceTree = "<group>"; };
		FC5DE4352646BEF000C4F151 /* Stock.swift */ = {isa = PBXFileReference; lastKnownFileType = sourcecode.swift; path = Stock.swift; sourceTree = "<group>"; };
		FC5DE4382646BF2500C4F151 /* LogoView.swift */ = {isa = PBXFileReference; lastKnownFileType = sourcecode.swift; path = LogoView.swift; sourceTree = "<group>"; };
		FC5DE43B2646BF5F00C4F151 /* OnboardView.swift */ = {isa = PBXFileReference; lastKnownFileType = sourcecode.swift; path = OnboardView.swift; sourceTree = "<group>"; };
		FC5DE43F2646BF9C00C4F151 /* OnboardViewModel.swift */ = {isa = PBXFileReference; lastKnownFileType = sourcecode.swift; path = OnboardViewModel.swift; sourceTree = "<group>"; };
/* End PBXFileReference section */

/* Begin PBXFrameworksBuildPhase section */
		FC5DE3FA2646B3F800C4F151 /* Frameworks */ = {
			isa = PBXFrameworksBuildPhase;
			buildActionMask = 2147483647;
			files = (
				FC5DE41C2646B89500C4F151 /* SocketIO in Frameworks */,
			);
			runOnlyForDeploymentPostprocessing = 0;
		};
/* End PBXFrameworksBuildPhase section */

/* Begin PBXGroup section */
		FC5DE3F42646B3F800C4F151 = {
			isa = PBXGroup;
			children = (
				FC5DE3FF2646B3F800C4F151 /* Hoseno */,
				FC5DE3FE2646B3F800C4F151 /* Products */,
			);
			sourceTree = "<group>";
		};
		FC5DE3FE2646B3F800C4F151 /* Products */ = {
			isa = PBXGroup;
			children = (
				FC5DE3FD2646B3F800C4F151 /* Hoseno.app */,
			);
			name = Products;
			sourceTree = "<group>";
		};
		FC5DE3FF2646B3F800C4F151 /* Hoseno */ = {
			isa = PBXGroup;
			children = (
				FC5DE4062646B3FA00C4F151 /* Preview Content */,
				FC5DE41E2646B8C700C4F151 /* Support files */,
				FC5DE4242646BCD200C4F151 /* Services */,
				FC5DE42C2646BE1300C4F151 /* Auth */,
				FC5DE4312646BE8900C4F151 /* Fundamental */,
				FC5DE42D2646BE1C00C4F151 /* Onboarding */,
				FC5DE4152646B42800C4F151 /* Utilites */,
				FC5DE4022646B3F800C4F151 /* ContentView.swift */,
			);
			path = Hoseno;
			sourceTree = "<group>";
		};
		FC5DE4062646B3FA00C4F151 /* Preview Content */ = {
			isa = PBXGroup;
			children = (
				FC5DE4072646B3FA00C4F151 /* Preview Assets.xcassets */,
			);
			path = "Preview Content";
			sourceTree = "<group>";
		};
		FC5DE4152646B42800C4F151 /* Utilites */ = {
			isa = PBXGroup;
			children = (
				FC5DE4162646B45000C4F151 /* Foundation+Extensions.swift */,
				FC5DE4292646BD2200C4F151 /* Constants.swift */,
			);
			path = Utilites;
			sourceTree = "<group>";
		};
		FC5DE41E2646B8C700C4F151 /* Support files */ = {
			isa = PBXGroup;
			children = (
				FC5DE4002646B3F800C4F151 /* AppDelegate.swift */,
				FC5DE4042646B3FA00C4F151 /* Assets.xcassets */,
				FC5DE4092646B3FA00C4F151 /* Main.storyboard */,
				FC5DE40C2646B3FA00C4F151 /* Info.plist */,
				FC5DE40D2646B3FA00C4F151 /* Hoseno.entitlements */,
			);
			path = "Support files";
			sourceTree = "<group>";
		};
		FC5DE4242646BCD200C4F151 /* Services */ = {
			isa = PBXGroup;
			children = (
				FC5DE4252646BD0400C4F151 /* SocketService.swift */,
			);
			path = Services;
			sourceTree = "<group>";
		};
		FC5DE42C2646BE1300C4F151 /* Auth */ = {
			isa = PBXGroup;
			children = (
			);
			path = Auth;
			sourceTree = "<group>";
		};
		FC5DE42D2646BE1C00C4F151 /* Onboarding */ = {
			isa = PBXGroup;
			children = (
				FC5DE4302646BE7200C4F151 /* ViewModel */,
				FC5DE42F2646BE6F00C4F151 /* View */,
				FC5DE42E2646BE6800C4F151 /* Model */,
			);
			path = Onboarding;
			sourceTree = "<group>";
		};
		FC5DE42E2646BE6800C4F151 /* Model */ = {
			isa = PBXGroup;
			children = (
			);
			path = Model;
			sourceTree = "<group>";
		};
		FC5DE42F2646BE6F00C4F151 /* View */ = {
			isa = PBXGroup;
			children = (
				FC5DE43B2646BF5F00C4F151 /* OnboardView.swift */,
			);
			path = View;
			sourceTree = "<group>";
		};
		FC5DE4302646BE7200C4F151 /* ViewModel */ = {
			isa = PBXGroup;
			children = (
				FC5DE43F2646BF9C00C4F151 /* OnboardViewModel.swift */,
			);
			path = ViewModel;
			sourceTree = "<group>";
		};
		FC5DE4312646BE8900C4F151 /* Fundamental */ = {
			isa = PBXGroup;
			children = (
				FC5DE43E2646BF7F00C4F151 /* Enum */,
				FC5DE4332646BECE00C4F151 /* View */,
				FC5DE4322646BEC900C4F151 /* Model */,
			);
			path = Fundamental;
			sourceTree = "<group>";
		};
		FC5DE4322646BEC900C4F151 /* Model */ = {
			isa = PBXGroup;
			children = (
				FC5DE4352646BEF000C4F151 /* Stock.swift */,
			);
			path = Model;
			sourceTree = "<group>";
		};
		FC5DE4332646BECE00C4F151 /* View */ = {
			isa = PBXGroup;
			children = (
				FC5DE4382646BF2500C4F151 /* LogoView.swift */,
			);
			path = View;
			sourceTree = "<group>";
		};
		FC5DE43E2646BF7F00C4F151 /* Enum */ = {
			isa = PBXGroup;
			children = (
			);
			path = Enum;
			sourceTree = "<group>";
		};
/* End PBXGroup section */

/* Begin PBXNativeTarget section */
		FC5DE3FC2646B3F800C4F151 /* Hoseno */ = {
			isa = PBXNativeTarget;
			buildConfigurationList = FC5DE4102646B3FA00C4F151 /* Build configuration list for PBXNativeTarget "Hoseno" */;
			buildPhases = (
				FC5DE3F92646B3F800C4F151 /* Sources */,
				FC5DE3FA2646B3F800C4F151 /* Frameworks */,
				FC5DE3FB2646B3F800C4F151 /* Resources */,
			);
			buildRules = (
			);
			dependencies = (
			);
			name = Hoseno;
			packageProductDependencies = (
				FC5DE41B2646B89500C4F151 /* SocketIO */,
			);
			productName = Hoseno;
			productReference = FC5DE3FD2646B3F800C4F151 /* Hoseno.app */;
			productType = "com.apple.product-type.application";
		};
/* End PBXNativeTarget section */

/* Begin PBXProject section */
		FC5DE3F52646B3F800C4F151 /* Project object */ = {
			isa = PBXProject;
			attributes = {
				LastSwiftUpdateCheck = 1220;
				LastUpgradeCheck = 1220;
				TargetAttributes = {
					FC5DE3FC2646B3F800C4F151 = {
						CreatedOnToolsVersion = 12.2;
					};
				};
			};
			buildConfigurationList = FC5DE3F82646B3F800C4F151 /* Build configuration list for PBXProject "Hoseno" */;
			compatibilityVersion = "Xcode 9.3";
			developmentRegion = en;
			hasScannedForEncodings = 0;
			knownRegions = (
				en,
				Base,
			);
			mainGroup = FC5DE3F42646B3F800C4F151;
			packageReferences = (
				FC5DE41A2646B89500C4F151 /* XCRemoteSwiftPackageReference "socket" */,
			);
			productRefGroup = FC5DE3FE2646B3F800C4F151 /* Products */;
			projectDirPath = "";
			projectRoot = "";
			targets = (
				FC5DE3FC2646B3F800C4F151 /* Hoseno */,
			);
		};
/* End PBXProject section */

/* Begin PBXResourcesBuildPhase section */
		FC5DE3FB2646B3F800C4F151 /* Resources */ = {
			isa = PBXResourcesBuildPhase;
			buildActionMask = 2147483647;
			files = (
				FC5DE40B2646B3FA00C4F151 /* Main.storyboard in Resources */,
				FC5DE4082646B3FA00C4F151 /* Preview Assets.xcassets in Resources */,
				FC5DE4052646B3FA00C4F151 /* Assets.xcassets in Resources */,
			);
			runOnlyForDeploymentPostprocessing = 0;
		};
/* End PBXResourcesBuildPhase section */

/* Begin PBXSourcesBuildPhase section */
		FC5DE3F92646B3F800C4F151 /* Sources */ = {
			isa = PBXSourcesBuildPhase;
			buildActionMask = 2147483647;
			files = (
				FC5DE42A2646BD2200C4F151 /* Constants.swift in Sources */,
				FC5DE4402646BF9C00C4F151 /* OnboardViewModel.swift in Sources */,
				FC5DE4262646BD0400C4F151 /* SocketService.swift in Sources */,
				FC5DE4362646BEF000C4F151 /* Stock.swift in Sources */,
				FC5DE4032646B3F800C4F151 /* ContentView.swift in Sources */,
				FC5DE43C2646BF5F00C4F151 /* OnboardView.swift in Sources */,
				FC5DE4392646BF2500C4F151 /* LogoView.swift in Sources */,
				FC5DE4012646B3F800C4F151 /* AppDelegate.swift in Sources */,
				FC5DE4172646B45000C4F151 /* Foundation+Extensions.swift in Sources */,
			);
			runOnlyForDeploymentPostprocessing = 0;
		};
/* End PBXSourcesBuildPhase section */

/* Begin PBXVariantGroup section */
		FC5DE4092646B3FA00C4F151 /* Main.storyboard */ = {
			isa = PBXVariantGroup;
			children = (
				FC5DE40A2646B3FA00C4F151 /* Base */,
			);
			name = Main.storyboard;
			sourceTree = "<group>";
		};
/* End PBXVariantGroup section */

/* Begin XCBuildConfiguration section */
		FC5DE40E2646B3FA00C4F151 /* Debug */ = {
			isa = XCBuildConfiguration;
			buildSettings = {
				ALWAYS_SEARCH_USER_PATHS = NO;
				CLANG_ANALYZER_NONNULL = YES;
				CLANG_ANALYZER_NUMBER_OBJECT_CONVERSION = YES_AGGRESSIVE;
				CLANG_CXX_LANGUAGE_STANDARD = "gnu++14";
				CLANG_CXX_LIBRARY = "libc++";
				CLANG_ENABLE_MODULES = YES;
				CLANG_ENABLE_OBJC_ARC = YES;
				CLANG_ENABLE_OBJC_WEAK = YES;
				CLANG_WARN_BLOCK_CAPTURE_AUTORELEASING = YES;
				CLANG_WARN_BOOL_CONVERSION = YES;
				CLANG_WARN_COMMA = YES;
				CLANG_WARN_CONSTANT_CONVERSION = YES;
				CLANG_WARN_DEPRECATED_OBJC_IMPLEMENTATIONS = YES;
				CLANG_WARN_DIRECT_OBJC_ISA_USAGE = YES_ERROR;
				CLANG_WARN_DOCUMENTATION_COMMENTS = YES;
				CLANG_WARN_EMPTY_BODY = YES;
				CLANG_WARN_ENUM_CONVERSION = YES;
				CLANG_WARN_INFINITE_RECURSION = YES;
				CLANG_WARN_INT_CONVERSION = YES;
				CLANG_WARN_NON_LITERAL_NULL_CONVERSION = YES;
				CLANG_WARN_OBJC_IMPLICIT_RETAIN_SELF = YES;
				CLANG_WARN_OBJC_LITERAL_CONVERSION = YES;
				CLANG_WARN_OBJC_ROOT_CLASS = YES_ERROR;
				CLANG_WARN_QUOTED_INCLUDE_IN_FRAMEWORK_HEADER = YES;
				CLANG_WARN_RANGE_LOOP_ANALYSIS = YES;
				CLANG_WARN_STRICT_PROTOTYPES = YES;
				CLANG_WARN_SUSPICIOUS_MOVE = YES;
				CLANG_WARN_UNGUARDED_AVAILABILITY = YES_AGGRESSIVE;
				CLANG_WARN_UNREACHABLE_CODE = YES;
				CLANG_WARN__DUPLICATE_METHOD_MATCH = YES;
				COPY_PHASE_STRIP = NO;
				DEBUG_INFORMATION_FORMAT = dwarf;
				ENABLE_STRICT_OBJC_MSGSEND = YES;
				ENABLE_TESTABILITY = YES;
				GCC_C_LANGUAGE_STANDARD = gnu11;
				GCC_DYNAMIC_NO_PIC = NO;
				GCC_NO_COMMON_BLOCKS = YES;
				GCC_OPTIMIZATION_LEVEL = 0;
				GCC_PREPROCESSOR_DEFINITIONS = (
					"DEBUG=1",
					"$(inherited)",
				);
				GCC_WARN_64_TO_32_BIT_CONVERSION = YES;
				GCC_WARN_ABOUT_RETURN_TYPE = YES_ERROR;
				GCC_WARN_UNDECLARED_SELECTOR = YES;
				GCC_WARN_UNINITIALIZED_AUTOS = YES_AGGRESSIVE;
				GCC_WARN_UNUSED_FUNCTION = YES;
				GCC_WARN_UNUSED_VARIABLE = YES;
				MACOSX_DEPLOYMENT_TARGET = 10.15;
				MTL_ENABLE_DEBUG_INFO = INCLUDE_SOURCE;
				MTL_FAST_MATH = YES;
				ONLY_ACTIVE_ARCH = YES;
				SDKROOT = macosx;
				SWIFT_ACTIVE_COMPILATION_CONDITIONS = DEBUG;
				SWIFT_OPTIMIZATION_LEVEL = "-Onone";
			};
			name = Debug;
		};
		FC5DE40F2646B3FA00C4F151 /* Release */ = {
			isa = XCBuildConfiguration;
			buildSettings = {
				ALWAYS_SEARCH_USER_PATHS = NO;
				CLANG_ANALYZER_NONNULL = YES;
				CLANG_ANALYZER_NUMBER_OBJECT_CONVERSION = YES_AGGRESSIVE;
				CLANG_CXX_LANGUAGE_STANDARD = "gnu++14";
				CLANG_CXX_LIBRARY = "libc++";
				CLANG_ENABLE_MODULES = YES;
				CLANG_ENABLE_OBJC_ARC = YES;
				CLANG_ENABLE_OBJC_WEAK = YES;
				CLANG_WARN_BLOCK_CAPTURE_AUTORELEASING = YES;
				CLANG_WARN_BOOL_CONVERSION = YES;
				CLANG_WARN_COMMA = YES;
				CLANG_WARN_CONSTANT_CONVERSION = YES;
				CLANG_WARN_DEPRECATED_OBJC_IMPLEMENTATIONS = YES;
				CLANG_WARN_DIRECT_OBJC_ISA_USAGE = YES_ERROR;
				CLANG_WARN_DOCUMENTATION_COMMENTS = YES;
				CLANG_WARN_EMPTY_BODY = YES;
				CLANG_WARN_ENUM_CONVERSION = YES;
				CLANG_WARN_INFINITE_RECURSION = YES;
				CLANG_WARN_INT_CONVERSION = YES;
				CLANG_WARN_NON_LITERAL_NULL_CONVERSION = YES;
				CLANG_WARN_OBJC_IMPLICIT_RETAIN_SELF = YES;
				CLANG_WARN_OBJC_LITERAL_CONVERSION = YES;
				CLANG_WARN_OBJC_ROOT_CLASS = YES_ERROR;
				CLANG_WARN_QUOTED_INCLUDE_IN_FRAMEWORK_HEADER = YES;
				CLANG_WARN_RANGE_LOOP_ANALYSIS = YES;
				CLANG_WARN_STRICT_PROTOTYPES = YES;
				CLANG_WARN_SUSPICIOUS_MOVE = YES;
				CLANG_WARN_UNGUARDED_AVAILABILITY = YES_AGGRESSIVE;
				CLANG_WARN_UNREACHABLE_CODE = YES;
				CLANG_WARN__DUPLICATE_METHOD_MATCH = YES;
				COPY_PHASE_STRIP = NO;
				DEBUG_INFORMATION_FORMAT = "dwarf-with-dsym";
				ENABLE_NS_ASSERTIONS = NO;
				ENABLE_STRICT_OBJC_MSGSEND = YES;
				GCC_C_LANGUAGE_STANDARD = gnu11;
				GCC_NO_COMMON_BLOCKS = YES;
				GCC_WARN_64_TO_32_BIT_CONVERSION = YES;
				GCC_WARN_ABOUT_RETURN_TYPE = YES_ERROR;
				GCC_WARN_UNDECLARED_SELECTOR = YES;
				GCC_WARN_UNINITIALIZED_AUTOS = YES_AGGRESSIVE;
				GCC_WARN_UNUSED_FUNCTION = YES;
				GCC_WARN_UNUSED_VARIABLE = YES;
				MACOSX_DEPLOYMENT_TARGET = 10.15;
				MTL_ENABLE_DEBUG_INFO = NO;
				MTL_FAST_MATH = YES;
				SDKROOT = macosx;
				SWIFT_COMPILATION_MODE = wholemodule;
				SWIFT_OPTIMIZATION_LEVEL = "-O";
			};
			name = Release;
		};
		FC5DE4112646B3FA00C4F151 /* Debug */ = {
			isa = XCBuildConfiguration;
			buildSettings = {
				ASSETCATALOG_COMPILER_APPICON_NAME = AppIcon;
				ASSETCATALOG_COMPILER_GLOBAL_ACCENT_COLOR_NAME = AccentColor;
				CODE_SIGN_ENTITLEMENTS = "Hoseno/Support files/Hoseno.entitlements";
				CODE_SIGN_STYLE = Automatic;
				COMBINE_HIDPI_IMAGES = YES;
				DEVELOPMENT_ASSET_PATHS = "\"Hoseno/Preview Content\"";
				DEVELOPMENT_TEAM = 958LP7D9B7;
				ENABLE_HARDENED_RUNTIME = YES;
				ENABLE_PREVIEWS = YES;
				INFOPLIST_FILE = "Hoseno/Support files/Info.plist";
				LD_RUNPATH_SEARCH_PATHS = (
					"$(inherited)",
					"@executable_path/../Frameworks",
				);
				MACOSX_DEPLOYMENT_TARGET = 10.15;
				PRODUCT_BUNDLE_IDENTIFIER = chienpham304.Hoseno;
				PRODUCT_NAME = "$(TARGET_NAME)";
				SWIFT_VERSION = 5.0;
			};
			name = Debug;
		};
		FC5DE4122646B3FA00C4F151 /* Release */ = {
			isa = XCBuildConfiguration;
			buildSettings = {
				ASSETCATALOG_COMPILER_APPICON_NAME = AppIcon;
				ASSETCATALOG_COMPILER_GLOBAL_ACCENT_COLOR_NAME = AccentColor;
				CODE_SIGN_ENTITLEMENTS = "Hoseno/Support files/Hoseno.entitlements";
				CODE_SIGN_STYLE = Automatic;
				COMBINE_HIDPI_IMAGES = YES;
				DEVELOPMENT_ASSET_PATHS = "\"Hoseno/Preview Content\"";
				DEVELOPMENT_TEAM = 958LP7D9B7;
				ENABLE_HARDENED_RUNTIME = YES;
				ENABLE_PREVIEWS = YES;
				INFOPLIST_FILE = "Hoseno/Support files/Info.plist";
				LD_RUNPATH_SEARCH_PATHS = (
					"$(inherited)",
					"@executable_path/../Frameworks",
				);
				MACOSX_DEPLOYMENT_TARGET = 10.15;
				PRODUCT_BUNDLE_IDENTIFIER = chienpham304.Hoseno;
				PRODUCT_NAME = "$(TARGET_NAME)";
				SWIFT_VERSION = 5.0;
			};
			name = Release;
		};
/* End XCBuildConfiguration section */

/* Begin XCConfigurationList section */
		FC5DE3F82646B3F800C4F151 /* Build configuration list for PBXProject "Hoseno" */ = {
			isa = XCConfigurationList;
			buildConfigurations = (
				FC5DE40E2646B3FA00C4F151 /* Debug */,
				FC5DE40F2646B3FA00C4F151 /* Release */,
			);
			defaultConfigurationIsVisible = 0;
			defaultConfigurationName = Release;
		};
		FC5DE4102646B3FA00C4F151 /* Build configuration list for PBXNativeTarget "Hoseno" */ = {
			isa = XCConfigurationList;
			buildConfigurations = (
				FC5DE4112646B3FA00C4F151 /* Debug */,
				FC5DE4122646B3FA00C4F151 /* Release */,
			);
			defaultConfigurationIsVisible = 0;
			defaultConfigurationName = Release;
		};
/* End XCConfigurationList section */

/* Begin XCRemoteSwiftPackageReference section */
		FC5DE41A2646B89500C4F151 /* XCRemoteSwiftPackageReference "socket" */ = {
			isa = XCRemoteSwiftPackageReference;
			repositoryURL = "https://github.com/socketio/socket.io-client-swift";
			requirement = {
				kind = upToNextMajorVersion;
				minimumVersion = 16.0.1;
			};
		};
/* End XCRemoteSwiftPackageReference section */

/* Begin XCSwiftPackageProductDependency section */
		FC5DE41B2646B89500C4F151 /* SocketIO */ = {
			isa = XCSwiftPackageProductDependency;
			package = FC5DE41A2646B89500C4F151 /* XCRemoteSwiftPackageReference "socket" */;
			productName = SocketIO;
		};
/* End XCSwiftPackageProductDependency section */
	};
	rootObject = FC5DE3F52646B3F800C4F151 /* Project object */;
}
